
Microsoft Visual Studio Solution File, Format Version 12.00
# Blend for Visual Studio Version 16
VisualStudioVersion = 16.0.31702.278
MinimumVisualStudioVersion = 10.0.40219.1
Project("{FAE04EC0-301F-11D3-BF4B-00C04F79EFBC}") = "Lab11_WPF3", "Lab11_WPF3\Lab11_WPF3.csproj", "{B096BA28-E0D8-42CC-8CA9-C19A49EB3C70}"
EndProject
Global
	GlobalSection(SolutionConfigurationPlatforms) = preSolution
		Debug|Any CPU = Debug|Any CPU
		Release|Any CPU = Release|Any CPU
	EndGlobalSection
	GlobalSection(ProjectConfigurationPlatforms) = postSolution
		{B096BA28-E0D8-42CC-8CA9-C19A49EB3C70}.Debug|Any CPU.ActiveCfg = Debug|Any CPU
		{B096BA28-E0D8-42CC-8CA9-C19A49EB3C70}.Debug|Any CPU.Build.0 = Debug|Any CPU
		{B096BA28-E0D8-42CC-8CA9-C19A49EB3C70}.Release|Any CPU.ActiveCfg = Release|Any CPU
		{B096BA28-E0D8-42CC-8CA9-C19A49EB3C70}.Release|Any CPU.Build.0 = Release|Any CPU
	EndGlobalSection
	GlobalSection(SolutionProperties) = preSolution
		HideSolutionNode = FALSE
	EndGlobalSection
	GlobalSection(ExtensibilityGlobals) = postSolution
		SolutionGuid = {682AFD4A-D655-4699-9ED1-7320E90B1809}
	EndGlobalSection
EndGlobal
